PODS:
  - ReactiveRealm (0.1.1):
    - RealmSwift (~> 1.0.0)
    - RxSwift (~> 2.5.0)
  - Realm (1.0.0):
    - Realm/Headers (= 1.0.0)
  - Realm/Headers (1.0.0)
  - RealmSwift (1.0.0):
    - Realm (= 1.0.0)
  - RxCocoa (2.5.0):
    - RxSwift (~> 2.5)
  - RxSwift (2.5.0)

DEPENDENCIES:
  - ReactiveRealm (from `../`)
  - RealmSwift (~> 1.0.0)
  - RxCocoa (~> 2.5.0)
  - RxSwift (~> 2.5.0)

EXTERNAL SOURCES:
  ReactiveRealm:
    :path: ../

SPEC CHECKSUMS:
  ReactiveRealm: 8c6ba914fb56ab5a87c853556ce5469b54294451
  Realm: e15cd8e7c11d3e576f628ba0b7cb855269b4991c
  RealmSwift: 3229306d020d96f83b335f87a0dcbf2cef0e6a2b
  RxCocoa: e1b1562e57a554d0fb2aabf9d71b637f177257c7
  RxSwift: 402b41a50e922a0368fc14cb3bc9f4427920e8ae

PODFILE CHECKSUM: a698c23a2b89dc7f4a1debbf879b599d64e3f8fd

COCOAPODS: 1.0.0
