// !$*UTF8*$!
{
	archiveVersion = 1;
	classes = {
	};
	objectVersion = 46;
	objects = {

/* Begin PBXBuildFile section */
		607FACDD1AFB9204008FA782 /* Images.xcassets in Resources */ = {isa = PBXBuildFile; fileRef = 607FACDC1AFB9204008FA782 /* Images.xcassets */; };
		607FACE01AFB9204008FA782 /* LaunchScreen.xib in Resources */ = {isa = PBXBuildFile; fileRef = 607FACDE1AFB9204008FA782 /* LaunchScreen.xib */; };
		A2BAC7091CBB17ED009C07A7 /* AppDelegate.swift in Sources */ = {isa = PBXBuildFile; fileRef = A2BAC7041CBB17ED009C07A7 /* AppDelegate.swift */; };
		A2BAC70A1CBB17ED009C07A7 /* TimeViewController.swift in Sources */ = {isa = PBXBuildFile; fileRef = A2BAC7051CBB17ED009C07A7 /* TimeViewController.swift */; };
		A2BAC70B1CBB17ED009C07A7 /* DetailViewController.swift in Sources */ = {isa = PBXBuildFile; fileRef = A2BAC7061CBB17ED009C07A7 /* DetailViewController.swift */; };
		A2BAC70C1CBB17ED009C07A7 /* TimeDetailViewController.swift in Sources */ = {isa = PBXBuildFile; fileRef = A2BAC7071CBB17ED009C07A7 /* TimeDetailViewController.swift */; };
		A2BAC70D1CBB17ED009C07A7 /* Main.storyboard in Resources */ = {isa = PBXBuildFile; fileRef = A2BAC7081CBB17ED009C07A7 /* Main.storyboard */; };
		A2BAC7101CBB17FE009C07A7 /* TimeListViewModel.swift in Sources */ = {isa = PBXBuildFile; fileRef = A2BAC70F1CBB17FE009C07A7 /* TimeListViewModel.swift */; };
		A2BAC7131CBB180F009C07A7 /* Time.swift in Sources */ = {isa = PBXBuildFile; fileRef = A2BAC7121CBB180F009C07A7 /* Time.swift */; };
		C97844275291E70C515E07C4 /* Pods_ReactiveRealm_Example.framework in Frameworks */ = {isa = PBXBuildFile; fileRef = 5A32ED1372EA57EBB2E2B4EB /* Pods_ReactiveRealm_Example.framework */; };
/* End PBXBuildFile section */

/* Begin PBXFileReference section */
		19BC8308380E703A435E5095 /* LICENSE */ = {isa = PBXFileReference; includeInIndex = 1; lastKnownFileType = text; name = LICENSE; path = ../LICENSE; sourceTree = "<group>"; };
		2226B8D0B562A3CBA06BF177 /* README.md */ = {isa = PBXFileReference; includeInIndex = 1; lastKnownFileType = net.daringfireball.markdown; name = README.md; path = ../README.md; sourceTree = "<group>"; };
		31216BDE465EAA4301B7B172 /* Pods-ReactiveRealm_Tests.release.xcconfig */ = {isa = PBXFileReference; includeInIndex = 1; lastKnownFileType = text.xcconfig; name = "Pods-ReactiveRealm_Tests.release.xcconfig"; path = "Pods/Target Support Files/Pods-ReactiveRealm_Tests/Pods-ReactiveRealm_Tests.release.xcconfig"; sourceTree = "<group>"; };
		5A32ED1372EA57EBB2E2B4EB /* Pods_ReactiveRealm_Example.framework */ = {isa = PBXFileReference; explicitFileType = wrapper.framework; includeInIndex = 0; path = Pods_ReactiveRealm_Example.framework; sourceTree = BUILT_PRODUCTS_DIR; };
		607FACD01AFB9204008FA782 /* ReactiveRealm_Example.app */ = {isa = PBXFileReference; explicitFileType = wrapper.application; includeInIndex = 0; path = ReactiveRealm_Example.app; sourceTree = BUILT_PRODUCTS_DIR; };
		607FACD41AFB9204008FA782 /* Info.plist */ = {isa = PBXFileReference; lastKnownFileType = text.plist.xml; path = Info.plist; sourceTree = "<group>"; };
		607FACDC1AFB9204008FA782 /* Images.xcassets */ = {isa = PBXFileReference; lastKnownFileType = folder.assetcatalog; path = Images.xcassets; sourceTree = "<group>"; };
		607FACDF1AFB9204008FA782 /* Base */ = {isa = PBXFileReference; lastKnownFileType = file.xib; name = Base; path = Base.lproj/LaunchScreen.xib; sourceTree = "<group>"; };
		700C4CD13D61EA7604013913 /* Pods-ReactiveRealm_Example.debug.xcconfig */ = {isa = PBXFileReference; includeInIndex = 1; lastKnownFileType = text.xcconfig; name = "Pods-ReactiveRealm_Example.debug.xcconfig"; path = "Pods/Target Support Files/Pods-ReactiveRealm_Example/Pods-ReactiveRealm_Example.debug.xcconfig"; sourceTree = "<group>"; };
		A2BAC7041CBB17ED009C07A7 /* AppDelegate.swift */ = {isa = PBXFileReference; fileEncoding = 4; lastKnownFileType = sourcecode.swift; path = AppDelegate.swift; sourceTree = "<group>"; };
		A2BAC7051CBB17ED009C07A7 /* TimeViewController.swift */ = {isa = PBXFileReference; fileEncoding = 4; lastKnownFileType = sourcecode.swift; path = TimeViewController.swift; sourceTree = "<group>"; };
		A2BAC7061CBB17ED009C07A7 /* DetailViewController.swift */ = {isa = PBXFileReference; fileEncoding = 4; lastKnownFileType = sourcecode.swift; path = DetailViewController.swift; sourceTree = "<group>"; };
		A2BAC7071CBB17ED009C07A7 /* TimeDetailViewController.swift */ = {isa = PBXFileReference; fileEncoding = 4; lastKnownFileType = sourcecode.swift; path = TimeDetailViewController.swift; sourceTree = "<group>"; };
		A2BAC7081CBB17ED009C07A7 /* Main.storyboard */ = {isa = PBXFileReference; fileEncoding = 4; lastKnownFileType = file.storyboard; path = Main.storyboard; sourceTree = "<group>"; };
		A2BAC70F1CBB17FE009C07A7 /* TimeListViewModel.swift */ = {isa = PBXFileReference; fileEncoding = 4; lastKnownFileType = sourcecode.swift; path = TimeListViewModel.swift; sourceTree = "<group>"; };
		A2BAC7121CBB180F009C07A7 /* Time.swift */ = {isa = PBXFileReference; fileEncoding = 4; lastKnownFileType = sourcecode.swift; path = Time.swift; sourceTree = "<group>"; };
		AE100BF3D92D45CB3FD869DF /* Pods_ReactiveRealm_Tests.framework */ = {isa = PBXFileReference; explicitFileType = wrapper.framework; includeInIndex = 0; path = Pods_ReactiveRealm_Tests.framework; sourceTree = BUILT_PRODUCTS_DIR; };
		C0BE02F2A43E52E4D468BE10 /* Pods-ReactiveRealm_Example.release.xcconfig */ = {isa = PBXFileReference; includeInIndex = 1; lastKnownFileType = text.xcconfig; name = "Pods-ReactiveRealm_Example.release.xcconfig"; path = "Pods/Target Support Files/Pods-ReactiveRealm_Example/Pods-ReactiveRealm_Example.release.xcconfig"; sourceTree = "<group>"; };
		E9E23B4C4E7290D78C0246C0 /* Pods-ReactiveRealm_Tests.debug.xcconfig */ = {isa = PBXFileReference; includeInIndex = 1; lastKnownFileType = text.xcconfig; name = "Pods-ReactiveRealm_Tests.debug.xcconfig"; path = "Pods/Target Support Files/Pods-ReactiveRealm_Tests/Pods-ReactiveRealm_Tests.debug.xcconfig"; sourceTree = "<group>"; };
		FF842D361B1E0BD8E6E968F9 /* ReactiveRealm.podspec */ = {isa = PBXFileReference; includeInIndex = 1; lastKnownFileType = text; name = ReactiveRealm.podspec; path = ../ReactiveRealm.podspec; sourceTree = "<group>"; };
/* End PBXFileReference section */

/* Begin PBXFrameworksBuildPhase section */
		607FACCD1AFB9204008FA782 /* Frameworks */ = {
			isa = PBXFrameworksBuildPhase;
			buildActionMask = 2147483647;
			files = (
				C97844275291E70C515E07C4 /* Pods_ReactiveRealm_Example.framework in Frameworks */,
			);
			runOnlyForDeploymentPostprocessing = 0;
		};
/* End PBXFrameworksBuildPhase section */

/* Begin PBXGroup section */
		5FA37CC392BCC5E4ED06AFFB /* Frameworks */ = {
			isa = PBXGroup;
			children = (
				5A32ED1372EA57EBB2E2B4EB /* Pods_ReactiveRealm_Example.framework */,
				AE100BF3D92D45CB3FD869DF /* Pods_ReactiveRealm_Tests.framework */,
			);
			name = Frameworks;
			sourceTree = "<group>";
		};
		607FACC71AFB9204008FA782 = {
			isa = PBXGroup;
			children = (
				607FACF51AFB993E008FA782 /* Podspec Metadata */,
				607FACD21AFB9204008FA782 /* Example for ReactiveRealm */,
				607FACD11AFB9204008FA782 /* Products */,
				FA9F39EFCD26A65B6272FD06 /* Pods */,
				5FA37CC392BCC5E4ED06AFFB /* Frameworks */,
			);
			sourceTree = "<group>";
		};
		607FACD11AFB9204008FA782 /* Products */ = {
			isa = PBXGroup;
			children = (
				607FACD01AFB9204008FA782 /* ReactiveRealm_Example.app */,
			);
			name = Products;
			sourceTree = "<group>";
		};
		607FACD21AFB9204008FA782 /* Example for ReactiveRealm */ = {
			isa = PBXGroup;
			children = (
				A2BAC7111CBB1804009C07A7 /* Models */,
				A2BAC70E1CBB17F5009C07A7 /* ViewModels */,
				A2BAC7041CBB17ED009C07A7 /* AppDelegate.swift */,
				A2BAC7051CBB17ED009C07A7 /* TimeViewController.swift */,
				A2BAC7061CBB17ED009C07A7 /* DetailViewController.swift */,
				A2BAC7071CBB17ED009C07A7 /* TimeDetailViewController.swift */,
				A2BAC7081CBB17ED009C07A7 /* Main.storyboard */,
				607FACDC1AFB9204008FA782 /* Images.xcassets */,
				607FACDE1AFB9204008FA782 /* LaunchScreen.xib */,
				607FACD31AFB9204008FA782 /* Supporting Files */,
			);
			name = "Example for ReactiveRealm";
			path = ReactiveRealm;
			sourceTree = "<group>";
		};
		607FACD31AFB9204008FA782 /* Supporting Files */ = {
			isa = PBXGroup;
			children = (
				607FACD41AFB9204008FA782 /* Info.plist */,
			);
			name = "Supporting Files";
			sourceTree = "<group>";
		};
		607FACF51AFB993E008FA782 /* Podspec Metadata */ = {
			isa = PBXGroup;
			children = (
				FF842D361B1E0BD8E6E968F9 /* ReactiveRealm.podspec */,
				2226B8D0B562A3CBA06BF177 /* README.md */,
				19BC8308380E703A435E5095 /* LICENSE */,
			);
			name = "Podspec Metadata";
			sourceTree = "<group>";
		};
		A2BAC70E1CBB17F5009C07A7 /* ViewModels */ = {
			isa = PBXGroup;
			children = (
				A2BAC70F1CBB17FE009C07A7 /* TimeListViewModel.swift */,
			);
			name = ViewModels;
			sourceTree = "<group>";
		};
		A2BAC7111CBB1804009C07A7 /* Models */ = {
			isa = PBXGroup;
			children = (
				A2BAC7121CBB180F009C07A7 /* Time.swift */,
			);
			name = Models;
			sourceTree = "<group>";
		};
		FA9F39EFCD26A65B6272FD06 /* Pods */ = {
			isa = PBXGroup;
			children = (
				700C4CD13D61EA7604013913 /* Pods-ReactiveRealm_Example.debug.xcconfig */,
				C0BE02F2A43E52E4D468BE10 /* Pods-ReactiveRealm_Example.release.xcconfig */,
				E9E23B4C4E7290D78C0246C0 /* Pods-ReactiveRealm_Tests.debug.xcconfig */,
				31216BDE465EAA4301B7B172 /* Pods-ReactiveRealm_Tests.release.xcconfig */,
			);
			name = Pods;
			sourceTree = "<group>";
		};
/* End PBXGroup section */

/* Begin PBXNativeTarget section */
		607FACCF1AFB9204008FA782 /* ReactiveRealm_Example */ = {
			isa = PBXNativeTarget;
			buildConfigurationList = 607FACEF1AFB9204008FA782 /* Build configuration list for PBXNativeTarget "ReactiveRealm_Example" */;
			buildPhases = (
				11E496AC6F7CB5CA6C30A460 /* Check Pods Manifest.lock */,
				607FACCC1AFB9204008FA782 /* Sources */,
				607FACCD1AFB9204008FA782 /* Frameworks */,
				607FACCE1AFB9204008FA782 /* Resources */,
				A4ED42BED17F5F14FEA46EE1 /* Embed Pods Frameworks */,
				0DEF1C2018B80376B647648C /* Copy Pods Resources */,
			);
			buildRules = (
			);
			dependencies = (
			);
			name = ReactiveRealm_Example;
			productName = ReactiveRealm;
			productReference = 607FACD01AFB9204008FA782 /* ReactiveRealm_Example.app */;
			productType = "com.apple.product-type.application";
		};
/* End PBXNativeTarget section */

/* Begin PBXProject section */
		607FACC81AFB9204008FA782 /* Project object */ = {
			isa = PBXProject;
			attributes = {
				LastSwiftUpdateCheck = 0730;
				LastUpgradeCheck = 0720;
				ORGANIZATIONNAME = CocoaPods;
				TargetAttributes = {
					607FACCF1AFB9204008FA782 = {
						CreatedOnToolsVersion = 6.3.1;
					};
				};
			};
			buildConfigurationList = 607FACCB1AFB9204008FA782 /* Build configuration list for PBXProject "ReactiveRealm" */;
			compatibilityVersion = "Xcode 3.2";
			developmentRegion = English;
			hasScannedForEncodings = 0;
			knownRegions = (
				en,
				Base,
			);
			mainGroup = 607FACC71AFB9204008FA782;
			productRefGroup = 607FACD11AFB9204008FA782 /* Products */;
			projectDirPath = "";
			projectRoot = "";
			targets = (
				607FACCF1AFB9204008FA782 /* ReactiveRealm_Example */,
			);
		};
/* End PBXProject section */

/* Begin PBXResourcesBuildPhase section */
		607FACCE1AFB9204008FA782 /* Resources */ = {
			isa = PBXResourcesBuildPhase;
			buildActionMask = 2147483647;
			files = (
				A2BAC70D1CBB17ED009C07A7 /* Main.storyboard in Resources */,
				607FACE01AFB9204008FA782 /* LaunchScreen.xib in Resources */,
				607FACDD1AFB9204008FA782 /* Images.xcassets in Resources */,
			);
			runOnlyForDeploymentPostprocessing = 0;
		};
/* End PBXResourcesBuildPhase section */

/* Begin PBXShellScriptBuildPhase section */
		0DEF1C2018B80376B647648C /* Copy Pods Resources */ = {
			isa = PBXShellScriptBuildPhase;
			buildActionMask = 2147483647;
			files = (
			);
			inputPaths = (
			);
			name = "Copy Pods Resources";
			outputPaths = (
			);
			runOnlyForDeploymentPostprocessing = 0;
			shellPath = /bin/sh;
			shellScript = "\"${SRCROOT}/Pods/Target Support Files/Pods-ReactiveRealm_Example/Pods-ReactiveRealm_Example-resources.sh\"\n";
			showEnvVarsInLog = 0;
		};
		11E496AC6F7CB5CA6C30A460 /* Check Pods Manifest.lock */ = {
			isa = PBXShellScriptBuildPhase;
			buildActionMask = 2147483647;
			files = (
			);
			inputPaths = (
			);
			name = "Check Pods Manifest.lock";
			outputPaths = (
			);
			runOnlyForDeploymentPostprocessing = 0;
			shellPath = /bin/sh;
			shellScript = "diff \"${PODS_ROOT}/../Podfile.lock\" \"${PODS_ROOT}/Manifest.lock\" > /dev/null\nif [[ $? != 0 ]] ; then\n    cat << EOM\nerror: The sandbox is not in sync with the Podfile.lock. Run 'pod install' or update your CocoaPods installation.\nEOM\n    exit 1\nfi\n";
			showEnvVarsInLog = 0;
		};
		A4ED42BED17F5F14FEA46EE1 /* Embed Pods Frameworks */ = {
			isa = PBXShellScriptBuildPhase;
			buildActionMask = 2147483647;
			files = (
			);
			inputPaths = (
			);
			name = "Embed Pods Frameworks";
			outputPaths = (
			);
			runOnlyForDeploymentPostprocessing = 0;
			shellPath = /bin/sh;
			shellScript = "\"${SRCROOT}/Pods/Target Support Files/Pods-ReactiveRealm_Example/Pods-ReactiveRealm_Example-frameworks.sh\"\n";
			showEnvVarsInLog = 0;
		};
/* End PBXShellScriptBuildPhase section */

/* Begin PBXSourcesBuildPhase section */
		607FACCC1AFB9204008FA782 /* Sources */ = {
			isa = PBXSourcesBuildPhase;
			buildActionMask = 2147483647;
			files = (
				A2BAC7131CBB180F009C07A7 /* Time.swift in Sources */,
				A2BAC70B1CBB17ED009C07A7 /* DetailViewController.swift in Sources */,
				A2BAC7091CBB17ED009C07A7 /* AppDelegate.swift in Sources */,
				A2BAC70C1CBB17ED009C07A7 /* TimeDetailViewController.swift in Sources */,
				A2BAC70A1CBB17ED009C07A7 /* TimeViewController.swift in Sources */,
				A2BAC7101CBB17FE009C07A7 /* TimeListViewModel.swift in Sources */,
			);
			runOnlyForDeploymentPostprocessing = 0;
		};
/* End PBXSourcesBuildPhase section */

/* Begin PBXVariantGroup section */
		607FACDE1AFB9204008FA782 /* LaunchScreen.xib */ = {
			isa = PBXVariantGroup;
			children = (
				607FACDF1AFB9204008FA782 /* Base */,
			);
			name = LaunchScreen.xib;
			sourceTree = "<group>";
		};
/* End PBXVariantGroup section */

/* Begin XCBuildConfiguration section */
		607FACED1AFB9204008FA782 /* Debug */ = {
			isa = XCBuildConfiguration;
			buildSettings = {
				ALWAYS_SEARCH_USER_PATHS = NO;
				CLANG_CXX_LANGUAGE_STANDARD = "gnu++0x";
				CLANG_CXX_LIBRARY = "libc++";
				CLANG_ENABLE_MODULES = YES;
				CLANG_ENABLE_OBJC_ARC = YES;
				CLANG_WARN_BOOL_CONVERSION = YES;
				CLANG_WARN_CONSTANT_CONVERSION = YES;
				CLANG_WARN_DIRECT_OBJC_ISA_USAGE = YES_ERROR;
				CLANG_WARN_EMPTY_BODY = YES;
				CLANG_WARN_ENUM_CONVERSION = YES;
				CLANG_WARN_INT_CONVERSION = YES;
				CLANG_WARN_OBJC_ROOT_CLASS = YES_ERROR;
				CLANG_WARN_UNREACHABLE_CODE = YES;
				CLANG_WARN__DUPLICATE_METHOD_MATCH = YES;
				"CODE_SIGN_IDENTITY[sdk=iphoneos*]" = "iPhone Developer";
				COPY_PHASE_STRIP = NO;
				DEBUG_INFORMATION_FORMAT = "dwarf-with-dsym";
				ENABLE_STRICT_OBJC_MSGSEND = YES;
				ENABLE_TESTABILITY = YES;
				GCC_C_LANGUAGE_STANDARD = gnu99;
				GCC_DYNAMIC_NO_PIC = NO;
				GCC_NO_COMMON_BLOCKS = YES;
				GCC_OPTIMIZATION_LEVEL = 0;
				GCC_PREPROCESSOR_DEFINITIONS = (
					"DEBUG=1",
					"$(inherited)",
				);
				GCC_SYMBOLS_PRIVATE_EXTERN = NO;
				GCC_WARN_64_TO_32_BIT_CONVERSION = YES;
				GCC_WARN_ABOUT_RETURN_TYPE = YES_ERROR;
				GCC_WARN_UNDECLARED_SELECTOR = YES;
				GCC_WARN_UNINITIALIZED_AUTOS = YES_AGGRESSIVE;
				GCC_WARN_UNUSED_FUNCTION = YES;
				GCC_WARN_UNUSED_VARIABLE = YES;
				IPHONEOS_DEPLOYMENT_TARGET = 8.3;
				MTL_ENABLE_DEBUG_INFO = YES;
				ONLY_ACTIVE_ARCH = YES;
				OTHER_LDFLAGS = "-ObjC";
				SDKROOT = iphoneos;
				SWIFT_OPTIMIZATION_LEVEL = "-Onone";
			};
			name = Debug;
		};
		607FACEE1AFB9204008FA782 /* Release */ = {
			isa = XCBuildConfiguration;
			buildSettings = {
				ALWAYS_SEARCH_USER_PATHS = NO;
				CLANG_CXX_LANGUAGE_STANDARD = "gnu++0x";
				CLANG_CXX_LIBRARY = "libc++";
				CLANG_ENABLE_MODULES = YES;
				CLANG_ENABLE_OBJC_ARC = YES;
				CLANG_WARN_BOOL_CONVERSION = YES;
				CLANG_WARN_CONSTANT_CONVERSION = YES;
				CLANG_WARN_DIRECT_OBJC_ISA_USAGE = YES_ERROR;
				CLANG_WARN_EMPTY_BODY = YES;
				CLANG_WARN_ENUM_CONVERSION = YES;
				CLANG_WARN_INT_CONVERSION = YES;
				CLANG_WARN_OBJC_ROOT_CLASS = YES_ERROR;
				CLANG_WARN_UNREACHABLE_CODE = YES;
				CLANG_WARN__DUPLICATE_METHOD_MATCH = YES;
				"CODE_SIGN_IDENTITY[sdk=iphoneos*]" = "iPhone Developer";
				COPY_PHASE_STRIP = NO;
				DEBUG_INFORMATION_FORMAT = "dwarf-with-dsym";
				ENABLE_NS_ASSERTIONS = NO;
				ENABLE_STRICT_OBJC_MSGSEND = YES;
				GCC_C_LANGUAGE_STANDARD = gnu99;
				GCC_NO_COMMON_BLOCKS = YES;
				GCC_WARN_64_TO_32_BIT_CONVERSION = YES;
				GCC_WARN_ABOUT_RETURN_TYPE = YES_ERROR;
				GCC_WARN_UNDECLARED_SELECTOR = YES;
				GCC_WARN_UNINITIALIZED_AUTOS = YES_AGGRESSIVE;
				GCC_WARN_UNUSED_FUNCTION = YES;
				GCC_WARN_UNUSED_VARIABLE = YES;
				IPHONEOS_DEPLOYMENT_TARGET = 8.3;
				MTL_ENABLE_DEBUG_INFO = NO;
				OTHER_LDFLAGS = "-ObjC";
				SDKROOT = iphoneos;
				VALIDATE_PRODUCT = YES;
			};
			name = Release;
		};
		607FACF01AFB9204008FA782 /* Debug */ = {
			isa = XCBuildConfiguration;
			baseConfigurationReference = 700C4CD13D61EA7604013913 /* Pods-ReactiveRealm_Example.debug.xcconfig */;
			buildSettings = {
				ASSETCATALOG_COMPILER_APPICON_NAME = AppIcon;
				CLANG_ENABLE_MODULES = YES;
				INFOPLIST_FILE = ReactiveRealm/Info.plist;
				IPHONEOS_DEPLOYMENT_TARGET = 9.0;
				LD_RUNPATH_SEARCH_PATHS = "$(inherited) @executable_path/Frameworks";
				MODULE_NAME = ExampleApp;
				PRODUCT_BUNDLE_IDENTIFIER = "com.5dayapp.ReactiveRealm-Example";
				PRODUCT_NAME = "$(TARGET_NAME)";
				SWIFT_OPTIMIZATION_LEVEL = "-Onone";
			};
			name = Debug;
		};
		607FACF11AFB9204008FA782 /* Release */ = {
			isa = XCBuildConfiguration;
			baseConfigurationReference = C0BE02F2A43E52E4D468BE10 /* Pods-ReactiveRealm_Example.release.xcconfig */;
			buildSettings = {
				ASSETCATALOG_COMPILER_APPICON_NAME = AppIcon;
				CLANG_ENABLE_MODULES = YES;
				INFOPLIST_FILE = ReactiveRealm/Info.plist;
				IPHONEOS_DEPLOYMENT_TARGET = 9.0;
				LD_RUNPATH_SEARCH_PATHS = "$(inherited) @executable_path/Frameworks";
				MODULE_NAME = ExampleApp;
				PRODUCT_BUNDLE_IDENTIFIER = "com.5dayapp.ReactiveRealm-Example";
				PRODUCT_NAME = "$(TARGET_NAME)";
			};
			name = Release;
		};
/* End XCBuildConfiguration section */

/* Begin XCConfigurationList section */
		607FACCB1AFB9204008FA782 /* Build configuration list for PBXProject "ReactiveRealm" */ = {
			isa = XCConfigurationList;
			buildConfigurations = (
				607FACED1AFB9204008FA782 /* Debug */,
				607FACEE1AFB9204008FA782 /* Release */,
			);
			defaultConfigurationIsVisible = 0;
			defaultConfigurationName = Release;
		};
		607FACEF1AFB9204008FA782 /* Build configuration list for PBXNativeTarget "ReactiveRealm_Example" */ = {
			isa = XCConfigurationList;
			buildConfigurations = (
				607FACF01AFB9204008FA782 /* Debug */,
				607FACF11AFB9204008FA782 /* Release */,
			);
			defaultConfigurationIsVisible = 0;
			defaultConfigurationName = Release;
		};
/* End XCConfigurationList section */
	};
	rootObject = 607FACC81AFB9204008FA782 /* Project object */;
}
